// !$*UTF8*$!
{
	archiveVersion = 1;
	classes = {
	};
	objectVersion = 46;
	objects = {

/* Begin PBXBuildFile section */
		3E6B3B461F84D5100071C10A /* ApplicationConfig.swift in Sources */ = {isa = PBXBuildFile; fileRef = 3E6B3B451F84D5100071C10A /* ApplicationConfig.swift */; };
		3E9882281F66E46E003467B3 /* AuthorizedEnvironment.swift in Sources */ = {isa = PBXBuildFile; fileRef = 3E9882271F66E46E003467B3 /* AuthorizedEnvironment.swift */; };
		7633A9FE1F7F7B5C00580002 /* DownloadAssetViewModel.swift in Sources */ = {isa = PBXBuildFile; fileRef = 7633A9FD1F7F7B5C00580002 /* DownloadAssetViewModel.swift */; };
		76344F491F7AB3BC0034AEC0 /* Download.framework in Frameworks */ = {isa = PBXBuildFile; fileRef = 76344F481F7AB3BC0034AEC0 /* Download.framework */; };
		76344F4A1F7AB3BC0034AEC0 /* Download.framework in Embed Frameworks */ = {isa = PBXBuildFile; fileRef = 76344F481F7AB3BC0034AEC0 /* Download.framework */; settings = {ATTRIBUTES = (CodeSignOnCopy, RemoveHeadersOnCopy, ); }; };
		764EDC491F5EADFB00569D5B /* environments.json in Resources */ = {isa = PBXBuildFile; fileRef = 764EDC481F5EADFB00569D5B /* environments.json */; };
		7667AECC1EC5E21200C308FC /* Appfile in Resources */ = {isa = PBXBuildFile; fileRef = 7667AECA1EC5E21200C308FC /* Appfile */; };
		7667AECD1EC5E21200C308FC /* Fastfile in Resources */ = {isa = PBXBuildFile; fileRef = 7667AECB1EC5E21200C308FC /* Fastfile */; };
		7667AECF1EC5E29400C308FC /* .env in Resources */ = {isa = PBXBuildFile; fileRef = 7667AECE1EC5E29400C308FC /* .env */; };
		768ED8AA1F0FAEE3008E8F9B /* update_dependency_graph.rb in Resources */ = {isa = PBXBuildFile; fileRef = 768ED8A91F0FAEE3008E8F9B /* update_dependency_graph.rb */; };
		76A416F91EDDCAC700677A46 /* VODViewModel.swift in Sources */ = {isa = PBXBuildFile; fileRef = 76A416F81EDDCAC700677A46 /* VODViewModel.swift */; };
		76A416FB1EDDCAD400677A46 /* VODViewController.swift in Sources */ = {isa = PBXBuildFile; fileRef = 76A416FA1EDDCAD400677A46 /* VODViewController.swift */; };
		76A417051EDEBF1B00677A46 /* AssetPreviewCell.swift in Sources */ = {isa = PBXBuildFile; fileRef = 76A417031EDEBF1B00677A46 /* AssetPreviewCell.swift */; };
		76A417061EDEBF1B00677A46 /* AssetPreviewCell.xib in Resources */ = {isa = PBXBuildFile; fileRef = 76A417041EDEBF1B00677A46 /* AssetPreviewCell.xib */; };
		76A417081EDEC75B00677A46 /* Sequence+Extensions.swift in Sources */ = {isa = PBXBuildFile; fileRef = 76A417071EDEC75B00677A46 /* Sequence+Extensions.swift */; };
		76A4170D1EDEC9A400677A46 /* HorizontalScrollRow.swift in Sources */ = {isa = PBXBuildFile; fileRef = 76A4170B1EDEC9A400677A46 /* HorizontalScrollRow.swift */; };
		76A4170E1EDEC9A400677A46 /* HorizontalScrollRow.xib in Resources */ = {isa = PBXBuildFile; fileRef = 76A4170C1EDEC9A400677A46 /* HorizontalScrollRow.xib */; };
		76A417101EDED09700677A46 /* AssetPreviewHeaderView.swift in Sources */ = {isa = PBXBuildFile; fileRef = 76A4170F1EDED09700677A46 /* AssetPreviewHeaderView.swift */; };
		76A417121EDED17800677A46 /* AssetPreviewHeaderView.xib in Resources */ = {isa = PBXBuildFile; fileRef = 76A417111EDED17800677A46 /* AssetPreviewHeaderView.xib */; };
		76A417161EDEDAA800677A46 /* CategoryViewModel.swift in Sources */ = {isa = PBXBuildFile; fileRef = 76A417151EDEDAA800677A46 /* CategoryViewModel.swift */; };
		76A4171A1EDFEB2000677A46 /* Kingfisher.framework in Frameworks */ = {isa = PBXBuildFile; fileRef = 76A417191EDFEB2000677A46 /* Kingfisher.framework */; };
		76A4171B1EDFEB2000677A46 /* Kingfisher.framework in Embed Frameworks */ = {isa = PBXBuildFile; fileRef = 76A417191EDFEB2000677A46 /* Kingfisher.framework */; settings = {ATTRIBUTES = (CodeSignOnCopy, RemoveHeadersOnCopy, ); }; };
		76A4171D1EE0134100677A46 /* LiveListViewModel.swift in Sources */ = {isa = PBXBuildFile; fileRef = 76A4171C1EE0134100677A46 /* LiveListViewModel.swift */; };
		76A4171F1EE062A100677A46 /* AssetDetailsViewModel.swift in Sources */ = {isa = PBXBuildFile; fileRef = 76A4171E1EE062A100677A46 /* AssetDetailsViewModel.swift */; };
		76A417211EE063FB00677A46 /* AssetDetailsViewController.swift in Sources */ = {isa = PBXBuildFile; fileRef = 76A417201EE063FB00677A46 /* AssetDetailsViewController.swift */; };
		76A417231EE1518800677A46 /* AssetViewModel.swift in Sources */ = {isa = PBXBuildFile; fileRef = 76A417221EE1518800677A46 /* AssetViewModel.swift */; };
		76A44C9E1F1637A7008992E9 /* MoreViewController.swift in Sources */ = {isa = PBXBuildFile; fileRef = 76A44C9D1F1637A7008992E9 /* MoreViewController.swift */; };
		76A843AB1EA7856C00BDAF2C /* AppDelegate.swift in Sources */ = {isa = PBXBuildFile; fileRef = 76A843AA1EA7856C00BDAF2C /* AppDelegate.swift */; };
		76A843B01EA7856C00BDAF2C /* Main.storyboard in Resources */ = {isa = PBXBuildFile; fileRef = 76A843AE1EA7856C00BDAF2C /* Main.storyboard */; };
		76A843B21EA7856C00BDAF2C /* Assets.xcassets in Resources */ = {isa = PBXBuildFile; fileRef = 76A843B11EA7856C00BDAF2C /* Assets.xcassets */; };
		76A843B51EA7856C00BDAF2C /* LaunchScreen.storyboard in Resources */ = {isa = PBXBuildFile; fileRef = 76A843B31EA7856C00BDAF2C /* LaunchScreen.storyboard */; };
		76A843C01EA7856C00BDAF2C /* iOSReferenceAppTests.swift in Sources */ = {isa = PBXBuildFile; fileRef = 76A843BF1EA7856C00BDAF2C /* iOSReferenceAppTests.swift */; };
		76A843CB1EA7856C00BDAF2C /* iOSReferenceAppUITests.swift in Sources */ = {isa = PBXBuildFile; fileRef = 76A843CA1EA7856C00BDAF2C /* iOSReferenceAppUITests.swift */; };
		76A843D91EA7859E00BDAF2C /* Cartfile in Resources */ = {isa = PBXBuildFile; fileRef = 76A843D81EA7859E00BDAF2C /* Cartfile */; };
		76A843FF1EA7886400BDAF2C /* CustomerConfig.swift in Sources */ = {isa = PBXBuildFile; fileRef = 76A843ED1EA7886400BDAF2C /* CustomerConfig.swift */; };
		76A844001EA7886400BDAF2C /* EnvironmentConfig.swift in Sources */ = {isa = PBXBuildFile; fileRef = 76A843EE1EA7886400BDAF2C /* EnvironmentConfig.swift */; };
		76A844011EA7886400BDAF2C /* KeyboardAnimationFrame.swift in Sources */ = {isa = PBXBuildFile; fileRef = 76A843F01EA7886400BDAF2C /* KeyboardAnimationFrame.swift */; };
		76A844021EA7886400BDAF2C /* Notifications+KeyboardAnimationFrame.swift in Sources */ = {isa = PBXBuildFile; fileRef = 76A843F11EA7886400BDAF2C /* Notifications+KeyboardAnimationFrame.swift */; };
		76A844031EA7886400BDAF2C /* LoginViewModel.swift in Sources */ = {isa = PBXBuildFile; fileRef = 76A843F41EA7886400BDAF2C /* LoginViewModel.swift */; };
		76A844051EA7886400BDAF2C /* LoginViewController.swift in Sources */ = {isa = PBXBuildFile; fileRef = 76A843FA1EA7886400BDAF2C /* LoginViewController.swift */; };
		76A844071EA7886400BDAF2C /* PlayerViewController.swift in Sources */ = {isa = PBXBuildFile; fileRef = 76A843FE1EA7886400BDAF2C /* PlayerViewController.swift */; };
		76A8447C1EA7A23700BDAF2C /* Player.framework in Frameworks */ = {isa = PBXBuildFile; fileRef = 76A8447B1EA7A23700BDAF2C /* Player.framework */; };
		76A8447D1EA7A23700BDAF2C /* Player.framework in Embed Frameworks */ = {isa = PBXBuildFile; fileRef = 76A8447B1EA7A23700BDAF2C /* Player.framework */; settings = {ATTRIBUTES = (CodeSignOnCopy, RemoveHeadersOnCopy, ); }; };
		76A8447F1EA7A23700BDAF2C /* Utilities.framework in Frameworks */ = {isa = PBXBuildFile; fileRef = 76A8447E1EA7A23700BDAF2C /* Utilities.framework */; };
		76A844801EA7A23700BDAF2C /* Utilities.framework in Embed Frameworks */ = {isa = PBXBuildFile; fileRef = 76A8447E1EA7A23700BDAF2C /* Utilities.framework */; settings = {ATTRIBUTES = (CodeSignOnCopy, RemoveHeadersOnCopy, ); }; };
		76A844821EA7A23700BDAF2C /* Exposure.framework in Frameworks */ = {isa = PBXBuildFile; fileRef = 76A844811EA7A23700BDAF2C /* Exposure.framework */; };
		76A844831EA7A23700BDAF2C /* Exposure.framework in Embed Frameworks */ = {isa = PBXBuildFile; fileRef = 76A844811EA7A23700BDAF2C /* Exposure.framework */; settings = {ATTRIBUTES = (CodeSignOnCopy, RemoveHeadersOnCopy, ); }; };
		76A844851EA7A23700BDAF2C /* Alamofire.framework in Frameworks */ = {isa = PBXBuildFile; fileRef = 76A844841EA7A23700BDAF2C /* Alamofire.framework */; };
		76A844861EA7A23700BDAF2C /* Alamofire.framework in Embed Frameworks */ = {isa = PBXBuildFile; fileRef = 76A844841EA7A23700BDAF2C /* Alamofire.framework */; settings = {ATTRIBUTES = (CodeSignOnCopy, RemoveHeadersOnCopy, ); }; };
		76AF2F041F139D040014F007 /* EPGDetailsViewController.swift in Sources */ = {isa = PBXBuildFile; fileRef = 76AF2F031F139D040014F007 /* EPGDetailsViewController.swift */; };
		76AF2F061F13A0A00014F007 /* EPGDetailsViewModel.swift in Sources */ = {isa = PBXBuildFile; fileRef = 76AF2F051F13A0A00014F007 /* EPGDetailsViewModel.swift */; };
		76AF2F141F13B25E0014F007 /* ProgramViewModel.swift in Sources */ = {isa = PBXBuildFile; fileRef = 76AF2F131F13B25E0014F007 /* ProgramViewModel.swift */; };
		76AF2F171F13B6DB0014F007 /* EPGPreviewCell.swift in Sources */ = {isa = PBXBuildFile; fileRef = 76AF2F151F13B6DB0014F007 /* EPGPreviewCell.swift */; };
		76AF2F181F13B6DB0014F007 /* EPGPreviewCell.xib in Resources */ = {isa = PBXBuildFile; fileRef = 76AF2F161F13B6DB0014F007 /* EPGPreviewCell.xib */; };
		76AF2F1A1F13BFB40014F007 /* Date+Extensions.swift in Sources */ = {isa = PBXBuildFile; fileRef = 76AF2F191F13BFB40014F007 /* Date+Extensions.swift */; };
		76B217B41EEABFED006F334F /* PlayerViewModel.swift in Sources */ = {isa = PBXBuildFile; fileRef = 76B217B31EEABFED006F334F /* PlayerViewModel.swift */; };
		76B217B61EEAC6DB006F334F /* ManualPlaybackView.swift in Sources */ = {isa = PBXBuildFile; fileRef = 76B217B51EEAC6DB006F334F /* ManualPlaybackView.swift */; };
		76BBFB7E1EA8CF2E001DBDDB /* Cartfile.resolved in Resources */ = {isa = PBXBuildFile; fileRef = 76BBFB7D1EA8CF2E001DBDDB /* Cartfile.resolved */; };
		76C7DDE61F235D74008FE955 /* Analytics.framework in Frameworks */ = {isa = PBXBuildFile; fileRef = 76C7DDE51F235D74008FE955 /* Analytics.framework */; };
		76C7DDE71F235D74008FE955 /* Analytics.framework in Embed Frameworks */ = {isa = PBXBuildFile; fileRef = 76C7DDE51F235D74008FE955 /* Analytics.framework */; settings = {ATTRIBUTES = (CodeSignOnCopy, RemoveHeadersOnCopy, ); }; };
		F7061C5F1EC5AF760041E271 /* McPicker.swift in Sources */ = {isa = PBXBuildFile; fileRef = F7061C5E1EC5AF760041E271 /* McPicker.swift */; };
		F7061C691EC5BFAF0041E271 /* Constants.swift in Sources */ = {isa = PBXBuildFile; fileRef = F7061C601EC5BFAF0041E271 /* Constants.swift */; };
		F7061C6A1EC5BFAF0041E271 /* colors.plist in Resources */ = {isa = PBXBuildFile; fileRef = F7061C631EC5BFAF0041E271 /* colors.plist */; };
		F7061C6B1EC5BFAF0041E271 /* icon_pure_512.png in Resources */ = {isa = PBXBuildFile; fileRef = F7061C651EC5BFAF0041E271 /* icon_pure_512.png */; };
		F7061C6C1EC5BFAF0041E271 /* strings.plist in Resources */ = {isa = PBXBuildFile; fileRef = F7061C681EC5BFAF0041E271 /* strings.plist */; };
		F7061C6E1EC5C0960041E271 /* ColorsUtil.swift in Sources */ = {isa = PBXBuildFile; fileRef = F7061C6D1EC5C0960041E271 /* ColorsUtil.swift */; };
		F7061C711EC5CF460041E271 /* UIColorExtension.swift in Sources */ = {isa = PBXBuildFile; fileRef = F7061C701EC5CF460041E271 /* UIColorExtension.swift */; };
		F7061C731EC5CF8F0041E271 /* Logging.swift in Sources */ = {isa = PBXBuildFile; fileRef = F7061C721EC5CF8F0041E271 /* Logging.swift */; };
		F7129CB11EC9AB970033B3FF /* Extensions.swift in Sources */ = {isa = PBXBuildFile; fileRef = F7129CB01EC9AB970033B3FF /* Extensions.swift */; };
		F7171A791EDC4ADC00140D2B /* LiveListViewController.swift in Sources */ = {isa = PBXBuildFile; fileRef = F7171A781EDC4ADC00140D2B /* LiveListViewController.swift */; };
		F75EDDC81EC63EEC0069CDEE /* StringsUtil.swift in Sources */ = {isa = PBXBuildFile; fileRef = F75EDDC71EC63EEC0069CDEE /* StringsUtil.swift */; };
		F793A8451EC516BC00DF7626 /* LazyScrollView.swift in Sources */ = {isa = PBXBuildFile; fileRef = F793A8441EC516BC00DF7626 /* LazyScrollView.swift */; };
		F793A8531EC5289E00DF7626 /* SkyFloatingLabelTextField.swift in Sources */ = {isa = PBXBuildFile; fileRef = F793A8501EC5289E00DF7626 /* SkyFloatingLabelTextField.swift */; };
		F793A8541EC5289E00DF7626 /* SkyFloatingLabelTextFieldWithIcon.swift in Sources */ = {isa = PBXBuildFile; fileRef = F793A8511EC5289E00DF7626 /* SkyFloatingLabelTextFieldWithIcon.swift */; };
		F793A8551EC5289E00DF7626 /* UITextField+fixCaretPosition.swift in Sources */ = {isa = PBXBuildFile; fileRef = F793A8521EC5289E00DF7626 /* UITextField+fixCaretPosition.swift */; };
		F7A6A15F1ECEDF4600C145E8 /* HomeTabBarController.swift in Sources */ = {isa = PBXBuildFile; fileRef = F7A6A15E1ECEDF4600C145E8 /* HomeTabBarController.swift */; };
		F7B710A81ECB369E00E9D324 /* ProgressIndicatorUtil.swift in Sources */ = {isa = PBXBuildFile; fileRef = F7B710A71ECB369E00E9D324 /* ProgressIndicatorUtil.swift */; };
		F7C209611EC9C41800662224 /* UserInfo.swift in Sources */ = {isa = PBXBuildFile; fileRef = F7C209601EC9C41800662224 /* UserInfo.swift */; };
/* End PBXBuildFile section */

/* Begin PBXContainerItemProxy section */
		76A843BC1EA7856C00BDAF2C /* PBXContainerItemProxy */ = {
			isa = PBXContainerItemProxy;
			containerPortal = 76A8439F1EA7856C00BDAF2C /* Project object */;
			proxyType = 1;
			remoteGlobalIDString = 76A843A61EA7856C00BDAF2C;
			remoteInfo = iOSReferenceApp;
		};
		76A843C71EA7856C00BDAF2C /* PBXContainerItemProxy */ = {
			isa = PBXContainerItemProxy;
			containerPortal = 76A8439F1EA7856C00BDAF2C /* Project object */;
			proxyType = 1;
			remoteGlobalIDString = 76A843A61EA7856C00BDAF2C;
			remoteInfo = iOSReferenceApp;
		};
/* End PBXContainerItemProxy section */

/* Begin PBXCopyFilesBuildPhase section */
		76A8448D1EA7A23700BDAF2C /* Embed Frameworks */ = {
			isa = PBXCopyFilesBuildPhase;
			buildActionMask = 12;
			dstPath = "";
			dstSubfolderSpec = 10;
			files = (
				76A844831EA7A23700BDAF2C /* Exposure.framework in Embed Frameworks */,
				76A4171B1EDFEB2000677A46 /* Kingfisher.framework in Embed Frameworks */,
				76A8447D1EA7A23700BDAF2C /* Player.framework in Embed Frameworks */,
				76C7DDE71F235D74008FE955 /* Analytics.framework in Embed Frameworks */,
				76A844801EA7A23700BDAF2C /* Utilities.framework in Embed Frameworks */,
				76A844861EA7A23700BDAF2C /* Alamofire.framework in Embed Frameworks */,
				76344F4A1F7AB3BC0034AEC0 /* Download.framework in Embed Frameworks */,
			);
			name = "Embed Frameworks";
			runOnlyForDeploymentPostprocessing = 0;
		};
/* End PBXCopyFilesBuildPhase section */

/* Begin PBXFileReference section */
		3E6B3B451F84D5100071C10A /* ApplicationConfig.swift */ = {isa = PBXFileReference; lastKnownFileType = sourcecode.swift; path = ApplicationConfig.swift; sourceTree = "<group>"; };
		3E9882271F66E46E003467B3 /* AuthorizedEnvironment.swift */ = {isa = PBXFileReference; fileEncoding = 4; lastKnownFileType = sourcecode.swift; path = AuthorizedEnvironment.swift; sourceTree = "<group>"; };
		7633A9FD1F7F7B5C00580002 /* DownloadAssetViewModel.swift */ = {isa = PBXFileReference; lastKnownFileType = sourcecode.swift; path = DownloadAssetViewModel.swift; sourceTree = "<group>"; };
		76344F481F7AB3BC0034AEC0 /* Download.framework */ = {isa = PBXFileReference; explicitFileType = wrapper.framework; path = Download.framework; sourceTree = BUILT_PRODUCTS_DIR; };
		764EDC481F5EADFB00569D5B /* environments.json */ = {isa = PBXFileReference; fileEncoding = 4; lastKnownFileType = text.json; path = environments.json; sourceTree = SOURCE_ROOT; };
		764EDC4C1F5EB6B100569D5B /* README.md */ = {isa = PBXFileReference; fileEncoding = 4; lastKnownFileType = net.daringfireball.markdown; path = README.md; sourceTree = SOURCE_ROOT; };
		764EDC4E1F5EB6E400569D5B /* CHANGELOG.md */ = {isa = PBXFileReference; fileEncoding = 4; lastKnownFileType = net.daringfireball.markdown; path = CHANGELOG.md; sourceTree = SOURCE_ROOT; };
		7667AECA1EC5E21200C308FC /* Appfile */ = {isa = PBXFileReference; fileEncoding = 4; lastKnownFileType = text; path = Appfile; sourceTree = "<group>"; };
		7667AECB1EC5E21200C308FC /* Fastfile */ = {isa = PBXFileReference; fileEncoding = 4; lastKnownFileType = text; path = Fastfile; sourceTree = "<group>"; xcLanguageSpecificationIdentifier = xcode.lang.ruby; };
		7667AECE1EC5E29400C308FC /* .env */ = {isa = PBXFileReference; fileEncoding = 4; lastKnownFileType = text; path = .env; sourceTree = "<group>"; };
		768ED8A91F0FAEE3008E8F9B /* update_dependency_graph.rb */ = {isa = PBXFileReference; fileEncoding = 4; lastKnownFileType = text.script.ruby; path = update_dependency_graph.rb; sourceTree = "<group>"; };
		76A416F81EDDCAC700677A46 /* VODViewModel.swift */ = {isa = PBXFileReference; fileEncoding = 4; lastKnownFileType = sourcecode.swift; path = VODViewModel.swift; sourceTree = "<group>"; };
		76A416FA1EDDCAD400677A46 /* VODViewController.swift */ = {isa = PBXFileReference; fileEncoding = 4; lastKnownFileType = sourcecode.swift; path = VODViewController.swift; sourceTree = "<group>"; };
		76A417031EDEBF1B00677A46 /* AssetPreviewCell.swift */ = {isa = PBXFileReference; fileEncoding = 4; lastKnownFileType = sourcecode.swift; path = AssetPreviewCell.swift; sourceTree = "<group>"; };
		76A417041EDEBF1B00677A46 /* AssetPreviewCell.xib */ = {isa = PBXFileReference; fileEncoding = 4; lastKnownFileType = file.xib; path = AssetPreviewCell.xib; sourceTree = "<group>"; };
		76A417071EDEC75B00677A46 /* Sequence+Extensions.swift */ = {isa = PBXFileReference; fileEncoding = 4; lastKnownFileType = sourcecode.swift; path = "Sequence+Extensions.swift"; sourceTree = "<group>"; };
		76A4170B1EDEC9A400677A46 /* HorizontalScrollRow.swift */ = {isa = PBXFileReference; fileEncoding = 4; lastKnownFileType = sourcecode.swift; path = HorizontalScrollRow.swift; sourceTree = "<group>"; };
		76A4170C1EDEC9A400677A46 /* HorizontalScrollRow.xib */ = {isa = PBXFileReference; fileEncoding = 4; lastKnownFileType = file.xib; path = HorizontalScrollRow.xib; sourceTree = "<group>"; };
		76A4170F1EDED09700677A46 /* AssetPreviewHeaderView.swift */ = {isa = PBXFileReference; fileEncoding = 4; lastKnownFileType = sourcecode.swift; path = AssetPreviewHeaderView.swift; sourceTree = "<group>"; };
		76A417111EDED17800677A46 /* AssetPreviewHeaderView.xib */ = {isa = PBXFileReference; fileEncoding = 4; lastKnownFileType = file.xib; path = AssetPreviewHeaderView.xib; sourceTree = "<group>"; };
		76A417151EDEDAA800677A46 /* CategoryViewModel.swift */ = {isa = PBXFileReference; fileEncoding = 4; lastKnownFileType = sourcecode.swift; path = CategoryViewModel.swift; sourceTree = "<group>"; };
		76A417191EDFEB2000677A46 /* Kingfisher.framework */ = {isa = PBXFileReference; explicitFileType = wrapper.framework; path = Kingfisher.framework; sourceTree = BUILT_PRODUCTS_DIR; };
		76A4171C1EE0134100677A46 /* LiveListViewModel.swift */ = {isa = PBXFileReference; fileEncoding = 4; lastKnownFileType = sourcecode.swift; path = LiveListViewModel.swift; sourceTree = "<group>"; };
		76A4171E1EE062A100677A46 /* AssetDetailsViewModel.swift */ = {isa = PBXFileReference; fileEncoding = 4; lastKnownFileType = sourcecode.swift; path = AssetDetailsViewModel.swift; sourceTree = "<group>"; };
		76A417201EE063FB00677A46 /* AssetDetailsViewController.swift */ = {isa = PBXFileReference; fileEncoding = 4; lastKnownFileType = sourcecode.swift; path = AssetDetailsViewController.swift; sourceTree = "<group>"; };
		76A417221EE1518800677A46 /* AssetViewModel.swift */ = {isa = PBXFileReference; fileEncoding = 4; lastKnownFileType = sourcecode.swift; path = AssetViewModel.swift; sourceTree = "<group>"; };
		76A44C9D1F1637A7008992E9 /* MoreViewController.swift */ = {isa = PBXFileReference; fileEncoding = 4; lastKnownFileType = sourcecode.swift; path = MoreViewController.swift; sourceTree = "<group>"; };
		76A843A71EA7856C00BDAF2C /* iOSReferenceApp.app */ = {isa = PBXFileReference; explicitFileType = wrapper.application; includeInIndex = 0; path = iOSReferenceApp.app; sourceTree = BUILT_PRODUCTS_DIR; };
		76A843AA1EA7856C00BDAF2C /* AppDelegate.swift */ = {isa = PBXFileReference; lastKnownFileType = sourcecode.swift; path = AppDelegate.swift; sourceTree = "<group>"; };
		76A843AF1EA7856C00BDAF2C /* Base */ = {isa = PBXFileReference; lastKnownFileType = file.storyboard; name = Base; path = Base.lproj/Main.storyboard; sourceTree = "<group>"; };
		76A843B11EA7856C00BDAF2C /* Assets.xcassets */ = {isa = PBXFileReference; lastKnownFileType = folder.assetcatalog; path = Assets.xcassets; sourceTree = "<group>"; };
		76A843B41EA7856C00BDAF2C /* Base */ = {isa = PBXFileReference; lastKnownFileType = file.storyboard; name = Base; path = Base.lproj/LaunchScreen.storyboard; sourceTree = "<group>"; };
		76A843B61EA7856C00BDAF2C /* Info.plist */ = {isa = PBXFileReference; lastKnownFileType = text.plist.xml; path = Info.plist; sourceTree = "<group>"; };
		76A843BB1EA7856C00BDAF2C /* iOSReferenceAppTests.xctest */ = {isa = PBXFileReference; explicitFileType = wrapper.cfbundle; includeInIndex = 0; path = iOSReferenceAppTests.xctest; sourceTree = BUILT_PRODUCTS_DIR; };
		76A843BF1EA7856C00BDAF2C /* iOSReferenceAppTests.swift */ = {isa = PBXFileReference; lastKnownFileType = sourcecode.swift; path = iOSReferenceAppTests.swift; sourceTree = "<group>"; };
		76A843C11EA7856C00BDAF2C /* Info.plist */ = {isa = PBXFileReference; lastKnownFileType = text.plist.xml; path = Info.plist; sourceTree = "<group>"; };
		76A843C61EA7856C00BDAF2C /* iOSReferenceAppUITests.xctest */ = {isa = PBXFileReference; explicitFileType = wrapper.cfbundle; includeInIndex = 0; path = iOSReferenceAppUITests.xctest; sourceTree = BUILT_PRODUCTS_DIR; };
		76A843CA1EA7856C00BDAF2C /* iOSReferenceAppUITests.swift */ = {isa = PBXFileReference; lastKnownFileType = sourcecode.swift; path = iOSReferenceAppUITests.swift; sourceTree = "<group>"; };
		76A843CC1EA7856C00BDAF2C /* Info.plist */ = {isa = PBXFileReference; lastKnownFileType = text.plist.xml; path = Info.plist; sourceTree = "<group>"; };
		76A843D81EA7859E00BDAF2C /* Cartfile */ = {isa = PBXFileReference; fileEncoding = 4; lastKnownFileType = text; path = Cartfile; sourceTree = SOURCE_ROOT; };
		76A843ED1EA7886400BDAF2C /* CustomerConfig.swift */ = {isa = PBXFileReference; fileEncoding = 4; lastKnownFileType = sourcecode.swift; path = CustomerConfig.swift; sourceTree = "<group>"; };
		76A843EE1EA7886400BDAF2C /* EnvironmentConfig.swift */ = {isa = PBXFileReference; fileEncoding = 4; lastKnownFileType = sourcecode.swift; path = EnvironmentConfig.swift; sourceTree = "<group>"; };
		76A843F01EA7886400BDAF2C /* KeyboardAnimationFrame.swift */ = {isa = PBXFileReference; fileEncoding = 4; lastKnownFileType = sourcecode.swift; path = KeyboardAnimationFrame.swift; sourceTree = "<group>"; };
		76A843F11EA7886400BDAF2C /* Notifications+KeyboardAnimationFrame.swift */ = {isa = PBXFileReference; fileEncoding = 4; lastKnownFileType = sourcecode.swift; path = "Notifications+KeyboardAnimationFrame.swift"; sourceTree = "<group>"; };
		76A843F41EA7886400BDAF2C /* LoginViewModel.swift */ = {isa = PBXFileReference; fileEncoding = 4; lastKnownFileType = sourcecode.swift; path = LoginViewModel.swift; sourceTree = "<group>"; };
		76A843FA1EA7886400BDAF2C /* LoginViewController.swift */ = {isa = PBXFileReference; fileEncoding = 4; lastKnownFileType = sourcecode.swift; path = LoginViewController.swift; sourceTree = "<group>"; };
		76A843FE1EA7886400BDAF2C /* PlayerViewController.swift */ = {isa = PBXFileReference; fileEncoding = 4; lastKnownFileType = sourcecode.swift; path = PlayerViewController.swift; sourceTree = "<group>"; };
		76A8447B1EA7A23700BDAF2C /* Player.framework */ = {isa = PBXFileReference; explicitFileType = wrapper.framework; path = Player.framework; sourceTree = BUILT_PRODUCTS_DIR; };
		76A8447E1EA7A23700BDAF2C /* Utilities.framework */ = {isa = PBXFileReference; explicitFileType = wrapper.framework; path = Utilities.framework; sourceTree = BUILT_PRODUCTS_DIR; };
		76A844811EA7A23700BDAF2C /* Exposure.framework */ = {isa = PBXFileReference; explicitFileType = wrapper.framework; path = Exposure.framework; sourceTree = BUILT_PRODUCTS_DIR; };
		76A844841EA7A23700BDAF2C /* Alamofire.framework */ = {isa = PBXFileReference; explicitFileType = wrapper.framework; path = Alamofire.framework; sourceTree = BUILT_PRODUCTS_DIR; };
		76A844871EA7A23700BDAF2C /* SwiftyJSON.framework */ = {isa = PBXFileReference; explicitFileType = wrapper.framework; path = SwiftyJSON.framework; sourceTree = BUILT_PRODUCTS_DIR; };
		76A8448A1EA7A23700BDAF2C /* SwiftEventBus.framework */ = {isa = PBXFileReference; explicitFileType = wrapper.framework; path = SwiftEventBus.framework; sourceTree = BUILT_PRODUCTS_DIR; };
		76AF2F031F139D040014F007 /* EPGDetailsViewController.swift */ = {isa = PBXFileReference; fileEncoding = 4; lastKnownFileType = sourcecode.swift; path = EPGDetailsViewController.swift; sourceTree = "<group>"; };
		76AF2F051F13A0A00014F007 /* EPGDetailsViewModel.swift */ = {isa = PBXFileReference; fileEncoding = 4; lastKnownFileType = sourcecode.swift; path = EPGDetailsViewModel.swift; sourceTree = "<group>"; };
		76AF2F131F13B25E0014F007 /* ProgramViewModel.swift */ = {isa = PBXFileReference; fileEncoding = 4; lastKnownFileType = sourcecode.swift; path = ProgramViewModel.swift; sourceTree = "<group>"; };
		76AF2F151F13B6DB0014F007 /* EPGPreviewCell.swift */ = {isa = PBXFileReference; fileEncoding = 4; lastKnownFileType = sourcecode.swift; path = EPGPreviewCell.swift; sourceTree = "<group>"; };
		76AF2F161F13B6DB0014F007 /* EPGPreviewCell.xib */ = {isa = PBXFileReference; fileEncoding = 4; lastKnownFileType = file.xib; path = EPGPreviewCell.xib; sourceTree = "<group>"; };
		76AF2F191F13BFB40014F007 /* Date+Extensions.swift */ = {isa = PBXFileReference; fileEncoding = 4; lastKnownFileType = sourcecode.swift; path = "Date+Extensions.swift"; sourceTree = "<group>"; };
		76B217B31EEABFED006F334F /* PlayerViewModel.swift */ = {isa = PBXFileReference; fileEncoding = 4; lastKnownFileType = sourcecode.swift; path = PlayerViewModel.swift; sourceTree = "<group>"; };
		76B217B51EEAC6DB006F334F /* ManualPlaybackView.swift */ = {isa = PBXFileReference; fileEncoding = 4; lastKnownFileType = sourcecode.swift; path = ManualPlaybackView.swift; sourceTree = "<group>"; };
		76BBFB7D1EA8CF2E001DBDDB /* Cartfile.resolved */ = {isa = PBXFileReference; fileEncoding = 4; lastKnownFileType = text; path = Cartfile.resolved; sourceTree = SOURCE_ROOT; };
		76C7DDE51F235D74008FE955 /* Analytics.framework */ = {isa = PBXFileReference; explicitFileType = wrapper.framework; path = Analytics.framework; sourceTree = BUILT_PRODUCTS_DIR; };
		76F5154A1F5EC18C00BA8B01 /* LICENSE */ = {isa = PBXFileReference; lastKnownFileType = text; path = LICENSE; sourceTree = SOURCE_ROOT; };
		F7061C5E1EC5AF760041E271 /* McPicker.swift */ = {isa = PBXFileReference; fileEncoding = 4; lastKnownFileType = sourcecode.swift; path = McPicker.swift; sourceTree = "<group>"; };
		F7061C601EC5BFAF0041E271 /* Constants.swift */ = {isa = PBXFileReference; fileEncoding = 4; lastKnownFileType = sourcecode.swift; path = Constants.swift; sourceTree = "<group>"; };
		F7061C631EC5BFAF0041E271 /* colors.plist */ = {isa = PBXFileReference; fileEncoding = 4; lastKnownFileType = text.plist.xml; path = colors.plist; sourceTree = "<group>"; };
		F7061C651EC5BFAF0041E271 /* icon_pure_512.png */ = {isa = PBXFileReference; lastKnownFileType = image.png; path = icon_pure_512.png; sourceTree = "<group>"; };
		F7061C681EC5BFAF0041E271 /* strings.plist */ = {isa = PBXFileReference; fileEncoding = 4; lastKnownFileType = text.plist.xml; path = strings.plist; sourceTree = "<group>"; };
		F7061C6D1EC5C0960041E271 /* ColorsUtil.swift */ = {isa = PBXFileReference; fileEncoding = 4; lastKnownFileType = sourcecode.swift; path = ColorsUtil.swift; sourceTree = "<group>"; };
		F7061C701EC5CF460041E271 /* UIColorExtension.swift */ = {isa = PBXFileReference; fileEncoding = 4; lastKnownFileType = sourcecode.swift; path = UIColorExtension.swift; sourceTree = "<group>"; };
		F7061C721EC5CF8F0041E271 /* Logging.swift */ = {isa = PBXFileReference; fileEncoding = 4; lastKnownFileType = sourcecode.swift; path = Logging.swift; sourceTree = "<group>"; };
		F7129CB01EC9AB970033B3FF /* Extensions.swift */ = {isa = PBXFileReference; fileEncoding = 4; lastKnownFileType = sourcecode.swift; path = Extensions.swift; sourceTree = "<group>"; };
		F7171A781EDC4ADC00140D2B /* LiveListViewController.swift */ = {isa = PBXFileReference; fileEncoding = 4; lastKnownFileType = sourcecode.swift; path = LiveListViewController.swift; sourceTree = "<group>"; };
		F75EDDC71EC63EEC0069CDEE /* StringsUtil.swift */ = {isa = PBXFileReference; fileEncoding = 4; lastKnownFileType = sourcecode.swift; path = StringsUtil.swift; sourceTree = "<group>"; };
		F793A8441EC516BC00DF7626 /* LazyScrollView.swift */ = {isa = PBXFileReference; fileEncoding = 4; lastKnownFileType = sourcecode.swift; path = LazyScrollView.swift; sourceTree = "<group>"; };
		F793A8501EC5289E00DF7626 /* SkyFloatingLabelTextField.swift */ = {isa = PBXFileReference; fileEncoding = 4; lastKnownFileType = sourcecode.swift; path = SkyFloatingLabelTextField.swift; sourceTree = "<group>"; };
		F793A8511EC5289E00DF7626 /* SkyFloatingLabelTextFieldWithIcon.swift */ = {isa = PBXFileReference; fileEncoding = 4; lastKnownFileType = sourcecode.swift; path = SkyFloatingLabelTextFieldWithIcon.swift; sourceTree = "<group>"; };
		F793A8521EC5289E00DF7626 /* UITextField+fixCaretPosition.swift */ = {isa = PBXFileReference; fileEncoding = 4; lastKnownFileType = sourcecode.swift; path = "UITextField+fixCaretPosition.swift"; sourceTree = "<group>"; };
		F7A6A15E1ECEDF4600C145E8 /* HomeTabBarController.swift */ = {isa = PBXFileReference; fileEncoding = 4; lastKnownFileType = sourcecode.swift; path = HomeTabBarController.swift; sourceTree = "<group>"; };
		F7B710A71ECB369E00E9D324 /* ProgressIndicatorUtil.swift */ = {isa = PBXFileReference; fileEncoding = 4; lastKnownFileType = sourcecode.swift; path = ProgressIndicatorUtil.swift; sourceTree = "<group>"; };
		F7C209601EC9C41800662224 /* UserInfo.swift */ = {isa = PBXFileReference; fileEncoding = 4; lastKnownFileType = sourcecode.swift; path = UserInfo.swift; sourceTree = "<group>"; };
/* End PBXFileReference section */

/* Begin PBXFrameworksBuildPhase section */
		76A843A41EA7856C00BDAF2C /* Frameworks */ = {
			isa = PBXFrameworksBuildPhase;
			buildActionMask = 2147483647;
			files = (
				76A844821EA7A23700BDAF2C /* Exposure.framework in Frameworks */,
				76A4171A1EDFEB2000677A46 /* Kingfisher.framework in Frameworks */,
				76A8447C1EA7A23700BDAF2C /* Player.framework in Frameworks */,
				76C7DDE61F235D74008FE955 /* Analytics.framework in Frameworks */,
				76A8447F1EA7A23700BDAF2C /* Utilities.framework in Frameworks */,
				76A844851EA7A23700BDAF2C /* Alamofire.framework in Frameworks */,
				76344F491F7AB3BC0034AEC0 /* Download.framework in Frameworks */,
			);
			runOnlyForDeploymentPostprocessing = 0;
		};
		76A843B81EA7856C00BDAF2C /* Frameworks */ = {
			isa = PBXFrameworksBuildPhase;
			buildActionMask = 2147483647;
			files = (
			);
			runOnlyForDeploymentPostprocessing = 0;
		};
		76A843C31EA7856C00BDAF2C /* Frameworks */ = {
			isa = PBXFrameworksBuildPhase;
			buildActionMask = 2147483647;
			files = (
			);
			runOnlyForDeploymentPostprocessing = 0;
		};
/* End PBXFrameworksBuildPhase section */

/* Begin PBXGroup section */
		7667AEC91EC5E21200C308FC /* fastlane */ = {
			isa = PBXGroup;
			children = (
				768ED8A81F0FAEE3008E8F9B /* actions */,
				7667AECA1EC5E21200C308FC /* Appfile */,
				7667AECB1EC5E21200C308FC /* Fastfile */,
				7667AECE1EC5E29400C308FC /* .env */,
			);
			path = fastlane;
			sourceTree = SOURCE_ROOT;
		};
		768ED8A81F0FAEE3008E8F9B /* actions */ = {
			isa = PBXGroup;
			children = (
				768ED8A91F0FAEE3008E8F9B /* update_dependency_graph.rb */,
			);
			path = actions;
			sourceTree = "<group>";
		};
		76A416FE1EDEBE2200677A46 /* Layouts */ = {
			isa = PBXGroup;
			children = (
				76A4170B1EDEC9A400677A46 /* HorizontalScrollRow.swift */,
				76A4170C1EDEC9A400677A46 /* HorizontalScrollRow.xib */,
				76A417031EDEBF1B00677A46 /* AssetPreviewCell.swift */,
				76A417041EDEBF1B00677A46 /* AssetPreviewCell.xib */,
				76A4170F1EDED09700677A46 /* AssetPreviewHeaderView.swift */,
				76A417111EDED17800677A46 /* AssetPreviewHeaderView.xib */,
				76AF2F151F13B6DB0014F007 /* EPGPreviewCell.swift */,
				76AF2F161F13B6DB0014F007 /* EPGPreviewCell.xib */,
			);
			path = Layouts;
			sourceTree = "<group>";
		};
		76A8439E1EA7856C00BDAF2C = {
			isa = PBXGroup;
			children = (
				76344F481F7AB3BC0034AEC0 /* Download.framework */,
				76A843A91EA7856C00BDAF2C /* iOSReferenceApp */,
				76A843BE1EA7856C00BDAF2C /* iOSReferenceAppTests */,
				76A843C91EA7856C00BDAF2C /* iOSReferenceAppUITests */,
				76A843A81EA7856C00BDAF2C /* Products */,
				76A843EA1EA7878800BDAF2C /* Frameworks */,
			);
			sourceTree = "<group>";
		};
		76A843A81EA7856C00BDAF2C /* Products */ = {
			isa = PBXGroup;
			children = (
				76A843A71EA7856C00BDAF2C /* iOSReferenceApp.app */,
				76A843BB1EA7856C00BDAF2C /* iOSReferenceAppTests.xctest */,
				76A843C61EA7856C00BDAF2C /* iOSReferenceAppUITests.xctest */,
			);
			name = Products;
			sourceTree = "<group>";
		};
		76A843A91EA7856C00BDAF2C /* iOSReferenceApp */ = {
			isa = PBXGroup;
			children = (
				76F5154A1F5EC18C00BA8B01 /* LICENSE */,
				764EDC4C1F5EB6B100569D5B /* README.md */,
				764EDC4E1F5EB6E400569D5B /* CHANGELOG.md */,
				764EDC481F5EADFB00569D5B /* environments.json */,
				7667AEC91EC5E21200C308FC /* fastlane */,
				76A843D81EA7859E00BDAF2C /* Cartfile */,
				76A843B61EA7856C00BDAF2C /* Info.plist */,
				76BBFB7D1EA8CF2E001DBDDB /* Cartfile.resolved */,
				76A843AA1EA7856C00BDAF2C /* AppDelegate.swift */,
				F7061C601EC5BFAF0041E271 /* Constants.swift */,
				76A843B11EA7856C00BDAF2C /* Assets.xcassets */,
				F793A8421EC516A500DF7626 /* Dependencies */,
				76A843B31EA7856C00BDAF2C /* LaunchScreen.storyboard */,
				76A843AE1EA7856C00BDAF2C /* Main.storyboard */,
				76A843EB1EA7886400BDAF2C /* Models */,
				F7061C611EC5BFAF0041E271 /* Resources */,
				76A843EF1EA7886400BDAF2C /* Utilities */,
				76A843F21EA7886400BDAF2C /* ViewModels */,
				76A843F71EA7886400BDAF2C /* Views */,
				3E6B3B451F84D5100071C10A /* ApplicationConfig.swift */,
			);
			path = iOSReferenceApp;
			sourceTree = "<group>";
		};
		76A843BE1EA7856C00BDAF2C /* iOSReferenceAppTests */ = {
			isa = PBXGroup;
			children = (
				76A843BF1EA7856C00BDAF2C /* iOSReferenceAppTests.swift */,
				76A843C11EA7856C00BDAF2C /* Info.plist */,
			);
			path = iOSReferenceAppTests;
			sourceTree = "<group>";
		};
		76A843C91EA7856C00BDAF2C /* iOSReferenceAppUITests */ = {
			isa = PBXGroup;
			children = (
				76A843CA1EA7856C00BDAF2C /* iOSReferenceAppUITests.swift */,
				76A843CC1EA7856C00BDAF2C /* Info.plist */,
			);
			path = iOSReferenceAppUITests;
			sourceTree = "<group>";
		};
		76A843EA1EA7878800BDAF2C /* Frameworks */ = {
			isa = PBXGroup;
			children = (
				76C7DDE51F235D74008FE955 /* Analytics.framework */,
				76A417191EDFEB2000677A46 /* Kingfisher.framework */,
				76A8448A1EA7A23700BDAF2C /* SwiftEventBus.framework */,
				76A844871EA7A23700BDAF2C /* SwiftyJSON.framework */,
				76A844841EA7A23700BDAF2C /* Alamofire.framework */,
				76A844811EA7A23700BDAF2C /* Exposure.framework */,
				76A8447E1EA7A23700BDAF2C /* Utilities.framework */,
				76A8447B1EA7A23700BDAF2C /* Player.framework */,
			);
			name = Frameworks;
			sourceTree = "<group>";
		};
		76A843EB1EA7886400BDAF2C /* Models */ = {
			isa = PBXGroup;
			children = (
				F7C2095F1EC9C40B00662224 /* UserInfo */,
				76A843EC1EA7886400BDAF2C /* Environment */,
			);
			path = Models;
			sourceTree = "<group>";
		};
		76A843EC1EA7886400BDAF2C /* Environment */ = {
			isa = PBXGroup;
			children = (
				76A843ED1EA7886400BDAF2C /* CustomerConfig.swift */,
				76A843EE1EA7886400BDAF2C /* EnvironmentConfig.swift */,
				3E9882271F66E46E003467B3 /* AuthorizedEnvironment.swift */,
			);
			path = Environment;
			sourceTree = "<group>";
		};
		76A843EF1EA7886400BDAF2C /* Utilities */ = {
			isa = PBXGroup;
			children = (
				F75EDDC71EC63EEC0069CDEE /* StringsUtil.swift */,
				F7061C721EC5CF8F0041E271 /* Logging.swift */,
				F7061C6D1EC5C0960041E271 /* ColorsUtil.swift */,
				76A843F01EA7886400BDAF2C /* KeyboardAnimationFrame.swift */,
				76A843F11EA7886400BDAF2C /* Notifications+KeyboardAnimationFrame.swift */,
				F7129CB01EC9AB970033B3FF /* Extensions.swift */,
				F7B710A71ECB369E00E9D324 /* ProgressIndicatorUtil.swift */,
				76A417071EDEC75B00677A46 /* Sequence+Extensions.swift */,
				76AF2F191F13BFB40014F007 /* Date+Extensions.swift */,
			);
			path = Utilities;
			sourceTree = "<group>";
		};
		76A843F21EA7886400BDAF2C /* ViewModels */ = {
			isa = PBXGroup;
			children = (
				F7B7109F1ECAF04500E9D324 /* Home */,
				76A843F31EA7886400BDAF2C /* Login */,
				76B217B21EEABFE3006F334F /* Player */,
			);
			path = ViewModels;
			sourceTree = "<group>";
		};
		76A843F31EA7886400BDAF2C /* Login */ = {
			isa = PBXGroup;
			children = (
				76A843F41EA7886400BDAF2C /* LoginViewModel.swift */,
			);
			path = Login;
			sourceTree = "<group>";
		};
		76A843F71EA7886400BDAF2C /* Views */ = {
			isa = PBXGroup;
			children = (
				F7B710A01ECAF05400E9D324 /* Home */,
				76A843F91EA7886400BDAF2C /* Login */,
				76A843FD1EA7886400BDAF2C /* Player */,
			);
			path = Views;
			sourceTree = "<group>";
		};
		76A843F91EA7886400BDAF2C /* Login */ = {
			isa = PBXGroup;
			children = (
				76A843FA1EA7886400BDAF2C /* LoginViewController.swift */,
			);
			path = Login;
			sourceTree = "<group>";
		};
		76A843FD1EA7886400BDAF2C /* Player */ = {
			isa = PBXGroup;
			children = (
				76A843FE1EA7886400BDAF2C /* PlayerViewController.swift */,
			);
			path = Player;
			sourceTree = "<group>";
		};
		76B217B21EEABFE3006F334F /* Player */ = {
			isa = PBXGroup;
			children = (
				76B217B31EEABFED006F334F /* PlayerViewModel.swift */,
			);
			path = Player;
			sourceTree = "<group>";
		};
		F7061C5D1EC5AF760041E271 /* McPicker */ = {
			isa = PBXGroup;
			children = (
				F7061C5E1EC5AF760041E271 /* McPicker.swift */,
			);
			path = McPicker;
			sourceTree = "<group>";
		};
		F7061C611EC5BFAF0041E271 /* Resources */ = {
			isa = PBXGroup;
			children = (
				F7061C621EC5BFAF0041E271 /* Colors */,
				F7061C641EC5BFAF0041E271 /* Images */,
				76A416FE1EDEBE2200677A46 /* Layouts */,
				F7061C671EC5BFAF0041E271 /* Strings */,
			);
			path = Resources;
			sourceTree = "<group>";
		};
		F7061C621EC5BFAF0041E271 /* Colors */ = {
			isa = PBXGroup;
			children = (
				F7061C631EC5BFAF0041E271 /* colors.plist */,
			);
			path = Colors;
			sourceTree = "<group>";
		};
		F7061C641EC5BFAF0041E271 /* Images */ = {
			isa = PBXGroup;
			children = (
				F7061C651EC5BFAF0041E271 /* icon_pure_512.png */,
			);
			path = Images;
			sourceTree = "<group>";
		};
		F7061C671EC5BFAF0041E271 /* Strings */ = {
			isa = PBXGroup;
			children = (
				F7061C681EC5BFAF0041E271 /* strings.plist */,
			);
			path = Strings;
			sourceTree = "<group>";
		};
		F7061C6F1EC5CF460041E271 /* UIColorHex */ = {
			isa = PBXGroup;
			children = (
				F7061C701EC5CF460041E271 /* UIColorExtension.swift */,
			);
			path = UIColorHex;
			sourceTree = "<group>";
		};
		F793A8421EC516A500DF7626 /* Dependencies */ = {
			isa = PBXGroup;
			children = (
				F7061C6F1EC5CF460041E271 /* UIColorHex */,
				F7061C5D1EC5AF760041E271 /* McPicker */,
				F793A84F1EC5289E00DF7626 /* SkyFloatingLabelTextField */,
				F793A8431EC516A500DF7626 /* LazyScrollView */,
			);
			path = Dependencies;
			sourceTree = "<group>";
		};
		F793A8431EC516A500DF7626 /* LazyScrollView */ = {
			isa = PBXGroup;
			children = (
				F793A8441EC516BC00DF7626 /* LazyScrollView.swift */,
			);
			path = LazyScrollView;
			sourceTree = "<group>";
		};
		F793A84F1EC5289E00DF7626 /* SkyFloatingLabelTextField */ = {
			isa = PBXGroup;
			children = (
				F793A8501EC5289E00DF7626 /* SkyFloatingLabelTextField.swift */,
				F793A8511EC5289E00DF7626 /* SkyFloatingLabelTextFieldWithIcon.swift */,
				F793A8521EC5289E00DF7626 /* UITextField+fixCaretPosition.swift */,
			);
			path = SkyFloatingLabelTextField;
			sourceTree = "<group>";
		};
		F7B7109F1ECAF04500E9D324 /* Home */ = {
			isa = PBXGroup;
			children = (
				76A416F81EDDCAC700677A46 /* VODViewModel.swift */,
				76A417151EDEDAA800677A46 /* CategoryViewModel.swift */,
				76A4171C1EE0134100677A46 /* LiveListViewModel.swift */,
				76A4171E1EE062A100677A46 /* AssetDetailsViewModel.swift */,
				76A417221EE1518800677A46 /* AssetViewModel.swift */,
				76AF2F051F13A0A00014F007 /* EPGDetailsViewModel.swift */,
				76AF2F131F13B25E0014F007 /* ProgramViewModel.swift */,
				7633A9FD1F7F7B5C00580002 /* DownloadAssetViewModel.swift */,
			);
			path = Home;
			sourceTree = "<group>";
		};
		F7B710A01ECAF05400E9D324 /* Home */ = {
			isa = PBXGroup;
			children = (
				F7A6A15E1ECEDF4600C145E8 /* HomeTabBarController.swift */,
				76A416FA1EDDCAD400677A46 /* VODViewController.swift */,
				F7171A781EDC4ADC00140D2B /* LiveListViewController.swift */,
				76A417201EE063FB00677A46 /* AssetDetailsViewController.swift */,
				76B217B51EEAC6DB006F334F /* ManualPlaybackView.swift */,
				76AF2F031F139D040014F007 /* EPGDetailsViewController.swift */,
				76A44C9D1F1637A7008992E9 /* MoreViewController.swift */,
			);
			path = Home;
			sourceTree = "<group>";
		};
		F7C2095F1EC9C40B00662224 /* UserInfo */ = {
			isa = PBXGroup;
			children = (
				F7C209601EC9C41800662224 /* UserInfo.swift */,
			);
			path = UserInfo;
			sourceTree = "<group>";
		};
/* End PBXGroup section */

/* Begin PBXNativeTarget section */
		76A843A61EA7856C00BDAF2C /* iOSReferenceApp */ = {
			isa = PBXNativeTarget;
			buildConfigurationList = 76A843CF1EA7856C00BDAF2C /* Build configuration list for PBXNativeTarget "iOSReferenceApp" */;
			buildPhases = (
				76A843A31EA7856C00BDAF2C /* Sources */,
				76A843A41EA7856C00BDAF2C /* Frameworks */,
				76A843A51EA7856C00BDAF2C /* Resources */,
				76A8448D1EA7A23700BDAF2C /* Embed Frameworks */,
			);
			buildRules = (
			);
			dependencies = (
			);
			name = iOSReferenceApp;
			productName = iOSReferenceApp;
			productReference = 76A843A71EA7856C00BDAF2C /* iOSReferenceApp.app */;
			productType = "com.apple.product-type.application";
		};
		76A843BA1EA7856C00BDAF2C /* iOSReferenceAppTests */ = {
			isa = PBXNativeTarget;
			buildConfigurationList = 76A843D21EA7856C00BDAF2C /* Build configuration list for PBXNativeTarget "iOSReferenceAppTests" */;
			buildPhases = (
				76A843B71EA7856C00BDAF2C /* Sources */,
				76A843B81EA7856C00BDAF2C /* Frameworks */,
				76A843B91EA7856C00BDAF2C /* Resources */,
			);
			buildRules = (
			);
			dependencies = (
				76A843BD1EA7856C00BDAF2C /* PBXTargetDependency */,
			);
			name = iOSReferenceAppTests;
			productName = iOSReferenceAppTests;
			productReference = 76A843BB1EA7856C00BDAF2C /* iOSReferenceAppTests.xctest */;
			productType = "com.apple.product-type.bundle.unit-test";
		};
		76A843C51EA7856C00BDAF2C /* iOSReferenceAppUITests */ = {
			isa = PBXNativeTarget;
			buildConfigurationList = 76A843D51EA7856C00BDAF2C /* Build configuration list for PBXNativeTarget "iOSReferenceAppUITests" */;
			buildPhases = (
				76A843C21EA7856C00BDAF2C /* Sources */,
				76A843C31EA7856C00BDAF2C /* Frameworks */,
				76A843C41EA7856C00BDAF2C /* Resources */,
			);
			buildRules = (
			);
			dependencies = (
				76A843C81EA7856C00BDAF2C /* PBXTargetDependency */,
			);
			name = iOSReferenceAppUITests;
			productName = iOSReferenceAppUITests;
			productReference = 76A843C61EA7856C00BDAF2C /* iOSReferenceAppUITests.xctest */;
			productType = "com.apple.product-type.bundle.ui-testing";
		};
/* End PBXNativeTarget section */

/* Begin PBXProject section */
		76A8439F1EA7856C00BDAF2C /* Project object */ = {
			isa = PBXProject;
			attributes = {
				LastSwiftUpdateCheck = 0820;
				LastUpgradeCheck = 0900;
				ORGANIZATIONNAME = emp;
				TargetAttributes = {
					76A843A61EA7856C00BDAF2C = {
						CreatedOnToolsVersion = 8.2.1;
						DevelopmentTeam = JCUPRVKEC5;
						ProvisioningStyle = Automatic;
						SystemCapabilities = {
							com.apple.BackgroundModes = {
								enabled = 1;
							};
						};
					};
					76A843BA1EA7856C00BDAF2C = {
						CreatedOnToolsVersion = 8.2.1;
						DevelopmentTeam = JCUPRVKEC5;
						ProvisioningStyle = Automatic;
						TestTargetID = 76A843A61EA7856C00BDAF2C;
					};
					76A843C51EA7856C00BDAF2C = {
						CreatedOnToolsVersion = 8.2.1;
						DevelopmentTeam = JCUPRVKEC5;
						ProvisioningStyle = Automatic;
						TestTargetID = 76A843A61EA7856C00BDAF2C;
					};
				};
			};
			buildConfigurationList = 76A843A21EA7856C00BDAF2C /* Build configuration list for PBXProject "iOSReferenceApp" */;
			compatibilityVersion = "Xcode 3.2";
			developmentRegion = English;
			hasScannedForEncodings = 0;
			knownRegions = (
				en,
				Base,
			);
			mainGroup = 76A8439E1EA7856C00BDAF2C;
			productRefGroup = 76A843A81EA7856C00BDAF2C /* Products */;
			projectDirPath = "";
			projectRoot = "";
			targets = (
				76A843A61EA7856C00BDAF2C /* iOSReferenceApp */,
				76A843BA1EA7856C00BDAF2C /* iOSReferenceAppTests */,
				76A843C51EA7856C00BDAF2C /* iOSReferenceAppUITests */,
			);
		};
/* End PBXProject section */

/* Begin PBXResourcesBuildPhase section */
		76A843A51EA7856C00BDAF2C /* Resources */ = {
			isa = PBXResourcesBuildPhase;
			buildActionMask = 2147483647;
			files = (
				F7061C6A1EC5BFAF0041E271 /* colors.plist in Resources */,
				F7061C6C1EC5BFAF0041E271 /* strings.plist in Resources */,
				F7061C6B1EC5BFAF0041E271 /* icon_pure_512.png in Resources */,
				76A417121EDED17800677A46 /* AssetPreviewHeaderView.xib in Resources */,
				7667AECC1EC5E21200C308FC /* Appfile in Resources */,
				7667AECD1EC5E21200C308FC /* Fastfile in Resources */,
				76A843B51EA7856C00BDAF2C /* LaunchScreen.storyboard in Resources */,
				7667AECF1EC5E29400C308FC /* .env in Resources */,
				768ED8AA1F0FAEE3008E8F9B /* update_dependency_graph.rb in Resources */,
				76A4170E1EDEC9A400677A46 /* HorizontalScrollRow.xib in Resources */,
				76A843B21EA7856C00BDAF2C /* Assets.xcassets in Resources */,
				764EDC491F5EADFB00569D5B /* environments.json in Resources */,
				76A843D91EA7859E00BDAF2C /* Cartfile in Resources */,
				76A417061EDEBF1B00677A46 /* AssetPreviewCell.xib in Resources */,
				76BBFB7E1EA8CF2E001DBDDB /* Cartfile.resolved in Resources */,
				76AF2F181F13B6DB0014F007 /* EPGPreviewCell.xib in Resources */,
				76A843B01EA7856C00BDAF2C /* Main.storyboard in Resources */,
			);
			runOnlyForDeploymentPostprocessing = 0;
		};
		76A843B91EA7856C00BDAF2C /* Resources */ = {
			isa = PBXResourcesBuildPhase;
			buildActionMask = 2147483647;
			files = (
			);
			runOnlyForDeploymentPostprocessing = 0;
		};
		76A843C41EA7856C00BDAF2C /* Resources */ = {
			isa = PBXResourcesBuildPhase;
			buildActionMask = 2147483647;
			files = (
			);
			runOnlyForDeploymentPostprocessing = 0;
		};
/* End PBXResourcesBuildPhase section */

/* Begin PBXSourcesBuildPhase section */
		76A843A31EA7856C00BDAF2C /* Sources */ = {
			isa = PBXSourcesBuildPhase;
			buildActionMask = 2147483647;
			files = (
				76A44C9E1F1637A7008992E9 /* MoreViewController.swift in Sources */,
				76AF2F1A1F13BFB40014F007 /* Date+Extensions.swift in Sources */,
				3E6B3B461F84D5100071C10A /* ApplicationConfig.swift in Sources */,
				F793A8551EC5289E00DF7626 /* UITextField+fixCaretPosition.swift in Sources */,
				F7061C691EC5BFAF0041E271 /* Constants.swift in Sources */,
				76A417231EE1518800677A46 /* AssetViewModel.swift in Sources */,
				76A844051EA7886400BDAF2C /* LoginViewController.swift in Sources */,
				F7061C711EC5CF460041E271 /* UIColorExtension.swift in Sources */,
				F7A6A15F1ECEDF4600C145E8 /* HomeTabBarController.swift in Sources */,
				3E9882281F66E46E003467B3 /* AuthorizedEnvironment.swift in Sources */,
				76A844011EA7886400BDAF2C /* KeyboardAnimationFrame.swift in Sources */,
				76AF2F041F139D040014F007 /* EPGDetailsViewController.swift in Sources */,
				F793A8451EC516BC00DF7626 /* LazyScrollView.swift in Sources */,
				F7061C5F1EC5AF760041E271 /* McPicker.swift in Sources */,
				7633A9FE1F7F7B5C00580002 /* DownloadAssetViewModel.swift in Sources */,
				76A417051EDEBF1B00677A46 /* AssetPreviewCell.swift in Sources */,
				76A4170D1EDEC9A400677A46 /* HorizontalScrollRow.swift in Sources */,
				76A417211EE063FB00677A46 /* AssetDetailsViewController.swift in Sources */,
				76AF2F061F13A0A00014F007 /* EPGDetailsViewModel.swift in Sources */,
				76A4171F1EE062A100677A46 /* AssetDetailsViewModel.swift in Sources */,
				76A844001EA7886400BDAF2C /* EnvironmentConfig.swift in Sources */,
				76A417081EDEC75B00677A46 /* Sequence+Extensions.swift in Sources */,
				F7061C731EC5CF8F0041E271 /* Logging.swift in Sources */,
				76AF2F141F13B25E0014F007 /* ProgramViewModel.swift in Sources */,
				F793A8531EC5289E00DF7626 /* SkyFloatingLabelTextField.swift in Sources */,
				76A843FF1EA7886400BDAF2C /* CustomerConfig.swift in Sources */,
				F7B710A81ECB369E00E9D324 /* ProgressIndicatorUtil.swift in Sources */,
				76AF2F171F13B6DB0014F007 /* EPGPreviewCell.swift in Sources */,
				F793A8541EC5289E00DF7626 /* SkyFloatingLabelTextFieldWithIcon.swift in Sources */,
				76A844021EA7886400BDAF2C /* Notifications+KeyboardAnimationFrame.swift in Sources */,
				76A416F91EDDCAC700677A46 /* VODViewModel.swift in Sources */,
				76A4171D1EE0134100677A46 /* LiveListViewModel.swift in Sources */,
				76A843AB1EA7856C00BDAF2C /* AppDelegate.swift in Sources */,
				76B217B61EEAC6DB006F334F /* ManualPlaybackView.swift in Sources */,
				F7129CB11EC9AB970033B3FF /* Extensions.swift in Sources */,
				76A417101EDED09700677A46 /* AssetPreviewHeaderView.swift in Sources */,
				F7171A791EDC4ADC00140D2B /* LiveListViewController.swift in Sources */,
				76B217B41EEABFED006F334F /* PlayerViewModel.swift in Sources */,
				76A417161EDEDAA800677A46 /* CategoryViewModel.swift in Sources */,
				F7061C6E1EC5C0960041E271 /* ColorsUtil.swift in Sources */,
				76A416FB1EDDCAD400677A46 /* VODViewController.swift in Sources */,
				76A844071EA7886400BDAF2C /* PlayerViewController.swift in Sources */,
				76A844031EA7886400BDAF2C /* LoginViewModel.swift in Sources */,
				F7C209611EC9C41800662224 /* UserInfo.swift in Sources */,
				F75EDDC81EC63EEC0069CDEE /* StringsUtil.swift in Sources */,
			);
			runOnlyForDeploymentPostprocessing = 0;
		};
		76A843B71EA7856C00BDAF2C /* Sources */ = {
			isa = PBXSourcesBuildPhase;
			buildActionMask = 2147483647;
			files = (
				76A843C01EA7856C00BDAF2C /* iOSReferenceAppTests.swift in Sources */,
			);
			runOnlyForDeploymentPostprocessing = 0;
		};
		76A843C21EA7856C00BDAF2C /* Sources */ = {
			isa = PBXSourcesBuildPhase;
			buildActionMask = 2147483647;
			files = (
				76A843CB1EA7856C00BDAF2C /* iOSReferenceAppUITests.swift in Sources */,
			);
			runOnlyForDeploymentPostprocessing = 0;
		};
/* End PBXSourcesBuildPhase section */

/* Begin PBXTargetDependency section */
		76A843BD1EA7856C00BDAF2C /* PBXTargetDependency */ = {
			isa = PBXTargetDependency;
			target = 76A843A61EA7856C00BDAF2C /* iOSReferenceApp */;
			targetProxy = 76A843BC1EA7856C00BDAF2C /* PBXContainerItemProxy */;
		};
		76A843C81EA7856C00BDAF2C /* PBXTargetDependency */ = {
			isa = PBXTargetDependency;
			target = 76A843A61EA7856C00BDAF2C /* iOSReferenceApp */;
			targetProxy = 76A843C71EA7856C00BDAF2C /* PBXContainerItemProxy */;
		};
/* End PBXTargetDependency section */

/* Begin PBXVariantGroup section */
		76A843AE1EA7856C00BDAF2C /* Main.storyboard */ = {
			isa = PBXVariantGroup;
			children = (
				76A843AF1EA7856C00BDAF2C /* Base */,
			);
			name = Main.storyboard;
			sourceTree = "<group>";
		};
		76A843B31EA7856C00BDAF2C /* LaunchScreen.storyboard */ = {
			isa = PBXVariantGroup;
			children = (
				76A843B41EA7856C00BDAF2C /* Base */,
			);
			name = LaunchScreen.storyboard;
			sourceTree = "<group>";
		};
/* End PBXVariantGroup section */

/* Begin XCBuildConfiguration section */
		76A843CD1EA7856C00BDAF2C /* Debug */ = {
			isa = XCBuildConfiguration;
			buildSettings = {
				ALWAYS_SEARCH_USER_PATHS = NO;
				CLANG_ANALYZER_NONNULL = YES;
				CLANG_CXX_LANGUAGE_STANDARD = "gnu++0x";
				CLANG_CXX_LIBRARY = "libc++";
				CLANG_ENABLE_MODULES = YES;
				CLANG_ENABLE_OBJC_ARC = YES;
				CLANG_WARN_BLOCK_CAPTURE_AUTORELEASING = YES;
				CLANG_WARN_BOOL_CONVERSION = YES;
				CLANG_WARN_COMMA = YES;
				CLANG_WARN_CONSTANT_CONVERSION = YES;
				CLANG_WARN_DIRECT_OBJC_ISA_USAGE = YES_ERROR;
				CLANG_WARN_DOCUMENTATION_COMMENTS = YES;
				CLANG_WARN_EMPTY_BODY = YES;
				CLANG_WARN_ENUM_CONVERSION = YES;
				CLANG_WARN_INFINITE_RECURSION = YES;
				CLANG_WARN_INT_CONVERSION = YES;
				CLANG_WARN_NON_LITERAL_NULL_CONVERSION = YES;
				CLANG_WARN_OBJC_LITERAL_CONVERSION = YES;
				CLANG_WARN_OBJC_ROOT_CLASS = YES_ERROR;
				CLANG_WARN_RANGE_LOOP_ANALYSIS = YES;
				CLANG_WARN_STRICT_PROTOTYPES = YES;
				CLANG_WARN_SUSPICIOUS_MOVE = YES;
				CLANG_WARN_UNREACHABLE_CODE = YES;
				CLANG_WARN__DUPLICATE_METHOD_MATCH = YES;
				"CODE_SIGN_IDENTITY[sdk=iphoneos*]" = "iPhone Developer";
				COPY_PHASE_STRIP = NO;
				DEBUG_INFORMATION_FORMAT = dwarf;
				ENABLE_STRICT_OBJC_MSGSEND = YES;
				ENABLE_TESTABILITY = YES;
				GCC_C_LANGUAGE_STANDARD = gnu99;
				GCC_DYNAMIC_NO_PIC = NO;
				GCC_NO_COMMON_BLOCKS = YES;
				GCC_OPTIMIZATION_LEVEL = 0;
				GCC_PREPROCESSOR_DEFINITIONS = (
					"DEBUG=1",
					"$(inherited)",
				);
				GCC_WARN_64_TO_32_BIT_CONVERSION = YES;
				GCC_WARN_ABOUT_RETURN_TYPE = YES_ERROR;
				GCC_WARN_UNDECLARED_SELECTOR = YES;
				GCC_WARN_UNINITIALIZED_AUTOS = YES_AGGRESSIVE;
				GCC_WARN_UNUSED_FUNCTION = YES;
				GCC_WARN_UNUSED_VARIABLE = YES;
				IPHONEOS_DEPLOYMENT_TARGET = 10.2;
				MTL_ENABLE_DEBUG_INFO = YES;
				ONLY_ACTIVE_ARCH = YES;
				SDKROOT = iphoneos;
				SWIFT_ACTIVE_COMPILATION_CONDITIONS = DEBUG;
				SWIFT_OPTIMIZATION_LEVEL = "-Onone";
				TARGETED_DEVICE_FAMILY = "1,2";
			};
			name = Debug;
		};
		76A843CE1EA7856C00BDAF2C /* Release */ = {
			isa = XCBuildConfiguration;
			buildSettings = {
				ALWAYS_SEARCH_USER_PATHS = NO;
				CLANG_ANALYZER_NONNULL = YES;
				CLANG_CXX_LANGUAGE_STANDARD = "gnu++0x";
				CLANG_CXX_LIBRARY = "libc++";
				CLANG_ENABLE_MODULES = YES;
				CLANG_ENABLE_OBJC_ARC = YES;
				CLANG_WARN_BLOCK_CAPTURE_AUTORELEASING = YES;
				CLANG_WARN_BOOL_CONVERSION = YES;
				CLANG_WARN_COMMA = YES;
				CLANG_WARN_CONSTANT_CONVERSION = YES;
				CLANG_WARN_DIRECT_OBJC_ISA_USAGE = YES_ERROR;
				CLANG_WARN_DOCUMENTATION_COMMENTS = YES;
				CLANG_WARN_EMPTY_BODY = YES;
				CLANG_WARN_ENUM_CONVERSION = YES;
				CLANG_WARN_INFINITE_RECURSION = YES;
				CLANG_WARN_INT_CONVERSION = YES;
				CLANG_WARN_NON_LITERAL_NULL_CONVERSION = YES;
				CLANG_WARN_OBJC_LITERAL_CONVERSION = YES;
				CLANG_WARN_OBJC_ROOT_CLASS = YES_ERROR;
				CLANG_WARN_RANGE_LOOP_ANALYSIS = YES;
				CLANG_WARN_STRICT_PROTOTYPES = YES;
				CLANG_WARN_SUSPICIOUS_MOVE = YES;
				CLANG_WARN_UNREACHABLE_CODE = YES;
				CLANG_WARN__DUPLICATE_METHOD_MATCH = YES;
				"CODE_SIGN_IDENTITY[sdk=iphoneos*]" = "iPhone Developer";
				COPY_PHASE_STRIP = NO;
				DEBUG_INFORMATION_FORMAT = "dwarf-with-dsym";
				ENABLE_NS_ASSERTIONS = NO;
				ENABLE_STRICT_OBJC_MSGSEND = YES;
				GCC_C_LANGUAGE_STANDARD = gnu99;
				GCC_NO_COMMON_BLOCKS = YES;
				GCC_WARN_64_TO_32_BIT_CONVERSION = YES;
				GCC_WARN_ABOUT_RETURN_TYPE = YES_ERROR;
				GCC_WARN_UNDECLARED_SELECTOR = YES;
				GCC_WARN_UNINITIALIZED_AUTOS = YES_AGGRESSIVE;
				GCC_WARN_UNUSED_FUNCTION = YES;
				GCC_WARN_UNUSED_VARIABLE = YES;
				IPHONEOS_DEPLOYMENT_TARGET = 10.2;
				MTL_ENABLE_DEBUG_INFO = NO;
				SDKROOT = iphoneos;
				SWIFT_OPTIMIZATION_LEVEL = "-Owholemodule";
				TARGETED_DEVICE_FAMILY = "1,2";
				VALIDATE_PRODUCT = YES;
			};
			name = Release;
		};
		76A843D01EA7856C00BDAF2C /* Debug */ = {
			isa = XCBuildConfiguration;
			buildSettings = {
				ASSETCATALOG_COMPILER_APPICON_NAME = AppIcon;
				"CODE_SIGN_IDENTITY[sdk=iphoneos*]" = "iPhone Developer";
				CODE_SIGN_STYLE = Automatic;
				CURRENT_PROJECT_VERSION = 84;
				DEVELOPMENT_TEAM = JCUPRVKEC5;
				FRAMEWORK_SEARCH_PATHS = "$(inherited)";
				INFOPLIST_FILE = iOSReferenceApp/Info.plist;
				IPHONEOS_DEPLOYMENT_TARGET = 9.0;
				LD_RUNPATH_SEARCH_PATHS = "$(inherited) @executable_path/Frameworks";
				PRODUCT_BUNDLE_IDENTIFIER = com.emp.iOSReferenceApp;
				PRODUCT_NAME = "$(TARGET_NAME)";
				PROVISIONING_PROFILE_SPECIFIER = "";
				SWIFT_ACTIVE_COMPILATION_CONDITIONS = "";
				SWIFT_VERSION = 3.0;
				TARGETED_DEVICE_FAMILY = 1;
				VERSIONING_SYSTEM = "apple-generic";
			};
			name = Debug;
		};
		76A843D11EA7856C00BDAF2C /* Release */ = {
			isa = XCBuildConfiguration;
			buildSettings = {
				ASSETCATALOG_COMPILER_APPICON_NAME = AppIcon;
				"CODE_SIGN_IDENTITY[sdk=iphoneos*]" = "iPhone Developer";
				CODE_SIGN_STYLE = Automatic;
				CURRENT_PROJECT_VERSION = 84;
				DEVELOPMENT_TEAM = JCUPRVKEC5;
				FRAMEWORK_SEARCH_PATHS = "$(inherited)";
				INFOPLIST_FILE = iOSReferenceApp/Info.plist;
				IPHONEOS_DEPLOYMENT_TARGET = 9.0;
				LD_RUNPATH_SEARCH_PATHS = "$(inherited) @executable_path/Frameworks";
				PRODUCT_BUNDLE_IDENTIFIER = com.emp.iOSReferenceApp;
				PRODUCT_NAME = "$(TARGET_NAME)";
				PROVISIONING_PROFILE_SPECIFIER = "";
				SWIFT_VERSION = 3.0;
				TARGETED_DEVICE_FAMILY = 1;
				VERSIONING_SYSTEM = "apple-generic";
			};
			name = Release;
		};
		76A843D31EA7856C00BDAF2C /* Debug */ = {
			isa = XCBuildConfiguration;
			buildSettings = {
				ALWAYS_EMBED_SWIFT_STANDARD_LIBRARIES = YES;
				BUNDLE_LOADER = "$(TEST_HOST)";
				DEVELOPMENT_TEAM = JCUPRVKEC5;
				INFOPLIST_FILE = iOSReferenceAppTests/Info.plist;
				LD_RUNPATH_SEARCH_PATHS = "$(inherited) @executable_path/Frameworks @loader_path/Frameworks";
				PRODUCT_BUNDLE_IDENTIFIER = com.emp.iOSReferenceAppTests;
				PRODUCT_NAME = "$(TARGET_NAME)";
				SWIFT_VERSION = 3.0;
				TEST_HOST = "$(BUILT_PRODUCTS_DIR)/iOSReferenceApp.app/iOSReferenceApp";
			};
			name = Debug;
		};
		76A843D41EA7856C00BDAF2C /* Release */ = {
			isa = XCBuildConfiguration;
			buildSettings = {
				ALWAYS_EMBED_SWIFT_STANDARD_LIBRARIES = YES;
				BUNDLE_LOADER = "$(TEST_HOST)";
				DEVELOPMENT_TEAM = JCUPRVKEC5;
				INFOPLIST_FILE = iOSReferenceAppTests/Info.plist;
				LD_RUNPATH_SEARCH_PATHS = "$(inherited) @executable_path/Frameworks @loader_path/Frameworks";
				PRODUCT_BUNDLE_IDENTIFIER = com.emp.iOSReferenceAppTests;
				PRODUCT_NAME = "$(TARGET_NAME)";
				SWIFT_VERSION = 3.0;
				TEST_HOST = "$(BUILT_PRODUCTS_DIR)/iOSReferenceApp.app/iOSReferenceApp";
			};
			name = Release;
		};
		76A843D61EA7856C00BDAF2C /* Debug */ = {
			isa = XCBuildConfiguration;
			buildSettings = {
				ALWAYS_EMBED_SWIFT_STANDARD_LIBRARIES = YES;
				DEVELOPMENT_TEAM = JCUPRVKEC5;
				INFOPLIST_FILE = iOSReferenceAppUITests/Info.plist;
				LD_RUNPATH_SEARCH_PATHS = "$(inherited) @executable_path/Frameworks @loader_path/Frameworks";
				PRODUCT_BUNDLE_IDENTIFIER = com.emp.iOSReferenceAppUITests;
				PRODUCT_NAME = "$(TARGET_NAME)";
				SWIFT_VERSION = 3.0;
				TEST_TARGET_NAME = iOSReferenceApp;
			};
			name = Debug;
		};
		76A843D71EA7856C00BDAF2C /* Release */ = {
			isa = XCBuildConfiguration;
			buildSettings = {
				ALWAYS_EMBED_SWIFT_STANDARD_LIBRARIES = YES;
				DEVELOPMENT_TEAM = JCUPRVKEC5;
				INFOPLIST_FILE = iOSReferenceAppUITests/Info.plist;
				LD_RUNPATH_SEARCH_PATHS = "$(inherited) @executable_path/Frameworks @loader_path/Frameworks";
				PRODUCT_BUNDLE_IDENTIFIER = com.emp.iOSReferenceAppUITests;
				PRODUCT_NAME = "$(TARGET_NAME)";
				SWIFT_VERSION = 3.0;
				TEST_TARGET_NAME = iOSReferenceApp;
			};
			name = Release;
		};
/* End XCBuildConfiguration section */

/* Begin XCConfigurationList section */
		76A843A21EA7856C00BDAF2C /* Build configuration list for PBXProject "iOSReferenceApp" */ = {
			isa = XCConfigurationList;
			buildConfigurations = (
				76A843CD1EA7856C00BDAF2C /* Debug */,
				76A843CE1EA7856C00BDAF2C /* Release */,
			);
			defaultConfigurationIsVisible = 0;
			defaultConfigurationName = Release;
		};
		76A843CF1EA7856C00BDAF2C /* Build configuration list for PBXNativeTarget "iOSReferenceApp" */ = {
			isa = XCConfigurationList;
			buildConfigurations = (
				76A843D01EA7856C00BDAF2C /* Debug */,
				76A843D11EA7856C00BDAF2C /* Release */,
			);
			defaultConfigurationIsVisible = 0;
			defaultConfigurationName = Release;
		};
		76A843D21EA7856C00BDAF2C /* Build configuration list for PBXNativeTarget "iOSReferenceAppTests" */ = {
			isa = XCConfigurationList;
			buildConfigurations = (
				76A843D31EA7856C00BDAF2C /* Debug */,
				76A843D41EA7856C00BDAF2C /* Release */,
			);
			defaultConfigurationIsVisible = 0;
			defaultConfigurationName = Release;
		};
		76A843D51EA7856C00BDAF2C /* Build configuration list for PBXNativeTarget "iOSReferenceAppUITests" */ = {
			isa = XCConfigurationList;
			buildConfigurations = (
				76A843D61EA7856C00BDAF2C /* Debug */,
				76A843D71EA7856C00BDAF2C /* Release */,
			);
			defaultConfigurationIsVisible = 0;
			defaultConfigurationName = Release;
		};
/* End XCConfigurationList section */
	};
	rootObject = 76A8439F1EA7856C00BDAF2C /* Project object */;
}
